// !$*UTF8*$!
{
	archiveVersion = 1;
	classes = {
	};
	objectVersion = 50;
	objects = {

/* Begin PBXBuildFile section */
		34DFB546259BA278002F9925 /* AppDelegate.swift in Sources */ = {isa = PBXBuildFile; fileRef = 34DFB545259BA278002F9925 /* AppDelegate.swift */; };
		34DFB548259BA278002F9925 /* SceneDelegate.swift in Sources */ = {isa = PBXBuildFile; fileRef = 34DFB547259BA278002F9925 /* SceneDelegate.swift */; };
		34DFB54A259BA278002F9925 /* ViewController.swift in Sources */ = {isa = PBXBuildFile; fileRef = 34DFB549259BA278002F9925 /* ViewController.swift */; };
		34DFB54D259BA278002F9925 /* Main.storyboard in Resources */ = {isa = PBXBuildFile; fileRef = 34DFB54B259BA278002F9925 /* Main.storyboard */; };
		34DFB54F259BA27B002F9925 /* Assets.xcassets in Resources */ = {isa = PBXBuildFile; fileRef = 34DFB54E259BA27B002F9925 /* Assets.xcassets */; };
		34DFB552259BA27B002F9925 /* LaunchScreen.storyboard in Resources */ = {isa = PBXBuildFile; fileRef = 34DFB550259BA27B002F9925 /* LaunchScreen.storyboard */; };
		34DFB55D259BA27C002F9925 /* ShellTests.swift in Sources */ = {isa = PBXBuildFile; fileRef = 34DFB55C259BA27C002F9925 /* ShellTests.swift */; };
		34DFB568259BA27C002F9925 /* ShellUITests.swift in Sources */ = {isa = PBXBuildFile; fileRef = 34DFB567259BA27C002F9925 /* ShellUITests.swift */; };
/* End PBXBuildFile section */

/* Begin PBXContainerItemProxy section */
		34DFB559259BA27B002F9925 /* PBXContainerItemProxy */ = {
			isa = PBXContainerItemProxy;
			containerPortal = 34DFB53A259BA278002F9925 /* Project object */;
			proxyType = 1;
			remoteGlobalIDString = 34DFB541259BA278002F9925;
			remoteInfo = Shell;
		};
		34DFB564259BA27C002F9925 /* PBXContainerItemProxy */ = {
			isa = PBXContainerItemProxy;
			containerPortal = 34DFB53A259BA278002F9925 /* Project object */;
			proxyType = 1;
			remoteGlobalIDString = 34DFB541259BA278002F9925;
			remoteInfo = Shell;
		};
/* End PBXContainerItemProxy section */

/* Begin PBXFileReference section */
		34DFB542259BA278002F9925 /* Shell.app */ = {isa = PBXFileReference; explicitFileType = wrapper.application; includeInIndex = 0; path = Shell.app; sourceTree = BUILT_PRODUCTS_DIR; };
		34DFB545259BA278002F9925 /* AppDelegate.swift */ = {isa = PBXFileReference; lastKnownFileType = sourcecode.swift; path = AppDelegate.swift; sourceTree = "<group>"; };
		34DFB547259BA278002F9925 /* SceneDelegate.swift */ = {isa = PBXFileReference; lastKnownFileType = sourcecode.swift; path = SceneDelegate.swift; sourceTree = "<group>"; };
		34DFB549259BA278002F9925 /* ViewController.swift */ = {isa = PBXFileReference; lastKnownFileType = sourcecode.swift; path = ViewController.swift; sourceTree = "<group>"; };
		34DFB54C259BA278002F9925 /* Base */ = {isa = PBXFileReference; lastKnownFileType = file.storyboard; name = Base; path = Base.lproj/Main.storyboard; sourceTree = "<group>"; };
		34DFB54E259BA27B002F9925 /* Assets.xcassets */ = {isa = PBXFileReference; lastKnownFileType = folder.assetcatalog; path = Assets.xcassets; sourceTree = "<group>"; };
		34DFB551259BA27B002F9925 /* Base */ = {isa = PBXFileReference; lastKnownFileType = file.storyboard; name = Base; path = Base.lproj/LaunchScreen.storyboard; sourceTree = "<group>"; };
		34DFB553259BA27B002F9925 /* Info.plist */ = {isa = PBXFileReference; lastKnownFileType = text.plist.xml; path = Info.plist; sourceTree = "<group>"; };
		34DFB558259BA27B002F9925 /* ShellTests.xctest */ = {isa = PBXFileReference; explicitFileType = wrapper.cfbundle; includeInIndex = 0; path = ShellTests.xctest; sourceTree = BUILT_PRODUCTS_DIR; };
		34DFB55C259BA27C002F9925 /* ShellTests.swift */ = {isa = PBXFileReference; lastKnownFileType = sourcecode.swift; path = ShellTests.swift; sourceTree = "<group>"; };
		34DFB55E259BA27C002F9925 /* Info.plist */ = {isa = PBXFileReference; lastKnownFileType = text.plist.xml; path = Info.plist; sourceTree = "<group>"; };
		34DFB563259BA27C002F9925 /* ShellUITests.xctest */ = {isa = PBXFileReference; explicitFileType = wrapper.cfbundle; includeInIndex = 0; path = ShellUITests.xctest; sourceTree = BUILT_PRODUCTS_DIR; };
		34DFB567259BA27C002F9925 /* ShellUITests.swift */ = {isa = PBXFileReference; lastKnownFileType = sourcecode.swift; path = ShellUITests.swift; sourceTree = "<group>"; };
		34DFB569259BA27C002F9925 /* Info.plist */ = {isa = PBXFileReference; lastKnownFileType = text.plist.xml; path = Info.plist; sourceTree = "<group>"; };
/* End PBXFileReference section */

/* Begin PBXFrameworksBuildPhase section */
		34DFB53F259BA278002F9925 /* Frameworks */ = {
			isa = PBXFrameworksBuildPhase;
			buildActionMask = 2147483647;
			files = (
			);
			runOnlyForDeploymentPostprocessing = 0;
		};
		34DFB555259BA27B002F9925 /* Frameworks */ = {
			isa = PBXFrameworksBuildPhase;
			buildActionMask = 2147483647;
			files = (
			);
			runOnlyForDeploymentPostprocessing = 0;
		};
		34DFB560259BA27C002F9925 /* Frameworks */ = {
			isa = PBXFrameworksBuildPhase;
			buildActionMask = 2147483647;
			files = (
			);
			runOnlyForDeploymentPostprocessing = 0;
		};
/* End PBXFrameworksBuildPhase section */

/* Begin PBXGroup section */
		34DFB539259BA278002F9925 = {
			isa = PBXGroup;
			children = (
				34DFB544259BA278002F9925 /* Shell */,
				34DFB55B259BA27C002F9925 /* ShellTests */,
				34DFB566259BA27C002F9925 /* ShellUITests */,
				34DFB543259BA278002F9925 /* Products */,
			);
			sourceTree = "<group>";
		};
		34DFB543259BA278002F9925 /* Products */ = {
			isa = PBXGroup;
			children = (
				34DFB542259BA278002F9925 /* Shell.app */,
				34DFB558259BA27B002F9925 /* ShellTests.xctest */,
				34DFB563259BA27C002F9925 /* ShellUITests.xctest */,
			);
			name = Products;
			sourceTree = "<group>";
		};
		34DFB544259BA278002F9925 /* Shell */ = {
			isa = PBXGroup;
			children = (
				34DFB545259BA278002F9925 /* AppDelegate.swift */,
				34DFB547259BA278002F9925 /* SceneDelegate.swift */,
				34DFB549259BA278002F9925 /* ViewController.swift */,
				34DFB54B259BA278002F9925 /* Main.storyboard */,
				34DFB54E259BA27B002F9925 /* Assets.xcassets */,
				34DFB550259BA27B002F9925 /* LaunchScreen.storyboard */,
				34DFB553259BA27B002F9925 /* Info.plist */,
			);
			path = Shell;
			sourceTree = "<group>";
		};
		34DFB55B259BA27C002F9925 /* ShellTests */ = {
			isa = PBXGroup;
			children = (
				34DFB55C259BA27C002F9925 /* ShellTests.swift */,
				34DFB55E259BA27C002F9925 /* Info.plist */,
			);
			path = ShellTests;
			sourceTree = "<group>";
		};
		34DFB566259BA27C002F9925 /* ShellUITests */ = {
			isa = PBXGroup;
			children = (
				34DFB567259BA27C002F9925 /* ShellUITests.swift */,
				34DFB569259BA27C002F9925 /* Info.plist */,
			);
			path = ShellUITests;
			sourceTree = "<group>";
		};
/* End PBXGroup section */

/* Begin PBXNativeTarget section */
		34DFB541259BA278002F9925 /* Shell */ = {
			isa = PBXNativeTarget;
			buildConfigurationList = 34DFB56C259BA27C002F9925 /* Build configuration list for PBXNativeTarget "Shell" */;
			buildPhases = (
				34DFB53E259BA278002F9925 /* Sources */,
				34DFB53F259BA278002F9925 /* Frameworks */,
				34DFB540259BA278002F9925 /* Resources */,
			);
			buildRules = (
			);
			dependencies = (
			);
			name = Shell;
			productName = Shell;
			productReference = 34DFB542259BA278002F9925 /* Shell.app */;
			productType = "com.apple.product-type.application";
		};
		34DFB557259BA27B002F9925 /* ShellTests */ = {
			isa = PBXNativeTarget;
			buildConfigurationList = 34DFB56F259BA27C002F9925 /* Build configuration list for PBXNativeTarget "ShellTests" */;
			buildPhases = (
				34DFB554259BA27B002F9925 /* Sources */,
				34DFB555259BA27B002F9925 /* Frameworks */,
				34DFB556259BA27B002F9925 /* Resources */,
			);
			buildRules = (
			);
			dependencies = (
				34DFB55A259BA27B002F9925 /* PBXTargetDependency */,
			);
			name = ShellTests;
			productName = ShellTests;
			productReference = 34DFB558259BA27B002F9925 /* ShellTests.xctest */;
			productType = "com.apple.product-type.bundle.unit-test";
		};
		34DFB562259BA27C002F9925 /* ShellUITests */ = {
			isa = PBXNativeTarget;
			buildConfigurationList = 34DFB572259BA27C002F9925 /* Build configuration list for PBXNativeTarget "ShellUITests" */;
			buildPhases = (
				34DFB55F259BA27C002F9925 /* Sources */,
				34DFB560259BA27C002F9925 /* Frameworks */,
				34DFB561259BA27C002F9925 /* Resources */,
			);
			buildRules = (
			);
			dependencies = (
				34DFB565259BA27C002F9925 /* PBXTargetDependency */,
			);
			name = ShellUITests;
			productName = ShellUITests;
			productReference = 34DFB563259BA27C002F9925 /* ShellUITests.xctest */;
			productType = "com.apple.product-type.bundle.ui-testing";
		};
/* End PBXNativeTarget section */

/* Begin PBXProject section */
		34DFB53A259BA278002F9925 /* Project object */ = {
			isa = PBXProject;
			attributes = {
				LastSwiftUpdateCheck = 1230;
				LastUpgradeCheck = 1230;
				TargetAttributes = {
					34DFB541259BA278002F9925 = {
						CreatedOnToolsVersion = 12.3;
					};
					34DFB557259BA27B002F9925 = {
						CreatedOnToolsVersion = 12.3;
						TestTargetID = 34DFB541259BA278002F9925;
					};
					34DFB562259BA27C002F9925 = {
						CreatedOnToolsVersion = 12.3;
						TestTargetID = 34DFB541259BA278002F9925;
					};
				};
			};
			buildConfigurationList = 34DFB53D259BA278002F9925 /* Build configuration list for PBXProject "Shell" */;
			compatibilityVersion = "Xcode 9.3";
			developmentRegion = en;
			hasScannedForEncodings = 0;
			knownRegions = (
				en,
				Base,
			);
			mainGroup = 34DFB539259BA278002F9925;
			productRefGroup = 34DFB543259BA278002F9925 /* Products */;
			projectDirPath = "";
			projectRoot = "";
			targets = (
				34DFB541259BA278002F9925 /* Shell */,
				34DFB557259BA27B002F9925 /* ShellTests */,
				34DFB562259BA27C002F9925 /* ShellUITests */,
			);
		};
/* End PBXProject section */

/* Begin PBXResourcesBuildPhase section */
		34DFB540259BA278002F9925 /* Resources */ = {
			isa = PBXResourcesBuildPhase;
			buildActionMask = 2147483647;
			files = (
				34DFB552259BA27B002F9925 /* LaunchScreen.storyboard in Resources */,
				34DFB54F259BA27B002F9925 /* Assets.xcassets in Resources */,
				34DFB54D259BA278002F9925 /* Main.storyboard in Resources */,
			);
			runOnlyForDeploymentPostprocessing = 0;
		};
		34DFB556259BA27B002F9925 /* Resources */ = {
			isa = PBXResourcesBuildPhase;
			buildActionMask = 2147483647;
			files = (
			);
			runOnlyForDeploymentPostprocessing = 0;
		};
		34DFB561259BA27C002F9925 /* Resources */ = {
			isa = PBXResourcesBuildPhase;
			buildActionMask = 2147483647;
			files = (
			);
			runOnlyForDeploymentPostprocessing = 0;
		};
/* End PBXResourcesBuildPhase section */

/* Begin PBXSourcesBuildPhase section */
		34DFB53E259BA278002F9925 /* Sources */ = {
			isa = PBXSourcesBuildPhase;
			buildActionMask = 2147483647;
			files = (
				34DFB54A259BA278002F9925 /* ViewController.swift in Sources */,
				34DFB546259BA278002F9925 /* AppDelegate.swift in Sources */,
				34DFB548259BA278002F9925 /* SceneDelegate.swift in Sources */,
			);
			runOnlyForDeploymentPostprocessing = 0;
		};
		34DFB554259BA27B002F9925 /* Sources */ = {
			isa = PBXSourcesBuildPhase;
			buildActionMask = 2147483647;
			files = (
				34DFB55D259BA27C002F9925 /* ShellTests.swift in Sources */,
			);
			runOnlyForDeploymentPostprocessing = 0;
		};
		34DFB55F259BA27C002F9925 /* Sources */ = {
			isa = PBXSourcesBuildPhase;
			buildActionMask = 2147483647;
			files = (
				34DFB568259BA27C002F9925 /* ShellUITests.swift in Sources */,
			);
			runOnlyForDeploymentPostprocessing = 0;
		};
/* End PBXSourcesBuildPhase section */

/* Begin PBXTargetDependency section */
		34DFB55A259BA27B002F9925 /* PBXTargetDependency */ = {
			isa = PBXTargetDependency;
			target = 34DFB541259BA278002F9925 /* Shell */;
			targetProxy = 34DFB559259BA27B002F9925 /* PBXContainerItemProxy */;
		};
		34DFB565259BA27C002F9925 /* PBXTargetDependency */ = {
			isa = PBXTargetDependency;
			target = 34DFB541259BA278002F9925 /* Shell */;
			targetProxy = 34DFB564259BA27C002F9925 /* PBXContainerItemProxy */;
		};
/* End PBXTargetDependency section */

/* Begin PBXVariantGroup section */
		34DFB54B259BA278002F9925 /* Main.storyboard */ = {
			isa = PBXVariantGroup;
			children = (
				34DFB54C259BA278002F9925 /* Base */,
			);
			name = Main.storyboard;
			sourceTree = "<group>";
		};
		34DFB550259BA27B002F9925 /* LaunchScreen.storyboard */ = {
			isa = PBXVariantGroup;
			children = (
				34DFB551259BA27B002F9925 /* Base */,
			);
			name = LaunchScreen.storyboard;
			sourceTree = "<group>";
		};
/* End PBXVariantGroup section */

/* Begin XCBuildConfiguration section */
		34DFB56A259BA27C002F9925 /* Debug */ = {
			isa = XCBuildConfiguration;
			buildSettings = {
				ALWAYS_SEARCH_USER_PATHS = NO;
				CLANG_ANALYZER_NONNULL = YES;
				CLANG_ANALYZER_NUMBER_OBJECT_CONVERSION = YES_AGGRESSIVE;
				CLANG_CXX_LANGUAGE_STANDARD = "gnu++14";
				CLANG_CXX_LIBRARY = "libc++";
				CLANG_ENABLE_MODULES = YES;
				CLANG_ENABLE_OBJC_ARC = YES;
				CLANG_ENABLE_OBJC_WEAK = YES;
				CLANG_WARN_BLOCK_CAPTURE_AUTORELEASING = YES;
				CLANG_WARN_BOOL_CONVERSION = YES;
				CLANG_WARN_COMMA = YES;
				CLANG_WARN_CONSTANT_CONVERSION = YES;
				CLANG_WARN_DEPRECATED_OBJC_IMPLEMENTATIONS = YES;
				CLANG_WARN_DIRECT_OBJC_ISA_USAGE = YES_ERROR;
				CLANG_WARN_DOCUMENTATION_COMMENTS = YES;
				CLANG_WARN_EMPTY_BODY = YES;
				CLANG_WARN_ENUM_CONVERSION = YES;
				CLANG_WARN_INFINITE_RECURSION = YES;
				CLANG_WARN_INT_CONVERSION = YES;
				CLANG_WARN_NON_LITERAL_NULL_CONVERSION = YES;
				CLANG_WARN_OBJC_IMPLICIT_RETAIN_SELF = YES;
				CLANG_WARN_OBJC_LITERAL_CONVERSION = YES;
				CLANG_WARN_OBJC_ROOT_CLASS = YES_ERROR;
				CLANG_WARN_QUOTED_INCLUDE_IN_FRAMEWORK_HEADER = YES;
				CLANG_WARN_RANGE_LOOP_ANALYSIS = YES;
				CLANG_WARN_STRICT_PROTOTYPES = YES;
				CLANG_WARN_SUSPICIOUS_MOVE = YES;
				CLANG_WARN_UNGUARDED_AVAILABILITY = YES_AGGRESSIVE;
				CLANG_WARN_UNREACHABLE_CODE = YES;
				CLANG_WARN__DUPLICATE_METHOD_MATCH = YES;
				COPY_PHASE_STRIP = NO;
				DEBUG_INFORMATION_FORMAT = dwarf;
				ENABLE_STRICT_OBJC_MSGSEND = YES;
				ENABLE_TESTABILITY = YES;
				GCC_C_LANGUAGE_STANDARD = gnu11;
				GCC_DYNAMIC_NO_PIC = NO;
				GCC_NO_COMMON_BLOCKS = YES;
				GCC_OPTIMIZATION_LEVEL = 0;
				GCC_PREPROCESSOR_DEFINITIONS = (
					"DEBUG=1",
					"$(inherited)",
				);
				GCC_WARN_64_TO_32_BIT_CONVERSION = YES;
				GCC_WARN_ABOUT_RETURN_TYPE = YES_ERROR;
				GCC_WARN_UNDECLARED_SELECTOR = YES;
				GCC_WARN_UNINITIALIZED_AUTOS = YES_AGGRESSIVE;
				GCC_WARN_UNUSED_FUNCTION = YES;
				GCC_WARN_UNUSED_VARIABLE = YES;
				IPHONEOS_DEPLOYMENT_TARGET = 14.3;
				MTL_ENABLE_DEBUG_INFO = INCLUDE_SOURCE;
				MTL_FAST_MATH = YES;
				ONLY_ACTIVE_ARCH = YES;
				SDKROOT = iphoneos;
				SWIFT_ACTIVE_COMPILATION_CONDITIONS = DEBUG;
				SWIFT_OPTIMIZATION_LEVEL = "-Onone";
			};
			name = Debug;
		};
		34DFB56B259BA27C002F9925 /* Release */ = {
			isa = XCBuildConfiguration;
			buildSettings = {
				ALWAYS_SEARCH_USER_PATHS = NO;
				CLANG_ANALYZER_NONNULL = YES;
				CLANG_ANALYZER_NUMBER_OBJECT_CONVERSION = YES_AGGRESSIVE;
				CLANG_CXX_LANGUAGE_STANDARD = "gnu++14";
				CLANG_CXX_LIBRARY = "libc++";
				CLANG_ENABLE_MODULES = YES;
				CLANG_ENABLE_OBJC_ARC = YES;
				CLANG_ENABLE_OBJC_WEAK = YES;
				CLANG_WARN_BLOCK_CAPTURE_AUTORELEASING = YES;
				CLANG_WARN_BOOL_CONVERSION = YES;
				CLANG_WARN_COMMA = YES;
				CLANG_WARN_CONSTANT_CONVERSION = YES;
				CLANG_WARN_DEPRECATED_OBJC_IMPLEMENTATIONS = YES;
				CLANG_WARN_DIRECT_OBJC_ISA_USAGE = YES_ERROR;
				CLANG_WARN_DOCUMENTATION_COMMENTS = YES;
				CLANG_WARN_EMPTY_BODY = YES;
				CLANG_WARN_ENUM_CONVERSION = YES;
				CLANG_WARN_INFINITE_RECURSION = YES;
				CLANG_WARN_INT_CONVERSION = YES;
				CLANG_WARN_NON_LITERAL_NULL_CONVERSION = YES;
				CLANG_WARN_OBJC_IMPLICIT_RETAIN_SELF = YES;
				CLANG_WARN_OBJC_LITERAL_CONVERSION = YES;
				CLANG_WARN_OBJC_ROOT_CLASS = YES_ERROR;
				CLANG_WARN_QUOTED_INCLUDE_IN_FRAMEWORK_HEADER = YES;
				CLANG_WARN_RANGE_LOOP_ANALYSIS = YES;
				CLANG_WARN_STRICT_PROTOTYPES = YES;
				CLANG_WARN_SUSPICIOUS_MOVE = YES;
				CLANG_WARN_UNGUARDED_AVAILABILITY = YES_AGGRESSIVE;
				CLANG_WARN_UNREACHABLE_CODE = YES;
				CLANG_WARN__DUPLICATE_METHOD_MATCH = YES;
				COPY_PHASE_STRIP = NO;
				DEBUG_INFORMATION_FORMAT = "dwarf-with-dsym";
				ENABLE_NS_ASSERTIONS = NO;
				ENABLE_STRICT_OBJC_MSGSEND = YES;
				GCC_C_LANGUAGE_STANDARD = gnu11;
				GCC_NO_COMMON_BLOCKS = YES;
				GCC_WARN_64_TO_32_BIT_CONVERSION = YES;
				GCC_WARN_ABOUT_RETURN_TYPE = YES_ERROR;
				GCC_WARN_UNDECLARED_SELECTOR = YES;
				GCC_WARN_UNINITIALIZED_AUTOS = YES_AGGRESSIVE;
				GCC_WARN_UNUSED_FUNCTION = YES;
				GCC_WARN_UNUSED_VARIABLE = YES;
				IPHONEOS_DEPLOYMENT_TARGET = 14.3;
				MTL_ENABLE_DEBUG_INFO = NO;
				MTL_FAST_MATH = YES;
				SDKROOT = iphoneos;
				SWIFT_COMPILATION_MODE = wholemodule;
				SWIFT_OPTIMIZATION_LEVEL = "-O";
				VALIDATE_PRODUCT = YES;
			};
			name = Release;
		};
		34DFB56D259BA27C002F9925 /* Debug */ = {
			isa = XCBuildConfiguration;
			buildSettings = {
				ASSETCATALOG_COMPILER_APPICON_NAME = AppIcon;
				ASSETCATALOG_COMPILER_GLOBAL_ACCENT_COLOR_NAME = AccentColor;
				CODE_SIGN_STYLE = Automatic;
				DEVELOPMENT_TEAM = Q7Q64FDMLV;
				INFOPLIST_FILE = Shell/Info.plist;
				LD_RUNPATH_SEARCH_PATHS = (
					"$(inherited)",
					"@executable_path/Frameworks",
				);
				PRODUCT_BUNDLE_IDENTIFIER = com.mauroolivo.Shell;
				PRODUCT_NAME = "$(TARGET_NAME)";
				SWIFT_VERSION = 5.0;
				TARGETED_DEVICE_FAMILY = "1,2";
			};
			name = Debug;
		};
		34DFB56E259BA27C002F9925 /* Release */ = {
			isa = XCBuildConfiguration;
			buildSettings = {
				ASSETCATALOG_COMPILER_APPICON_NAME = AppIcon;
				ASSETCATALOG_COMPILER_GLOBAL_ACCENT_COLOR_NAME = AccentColor;
				CODE_SIGN_STYLE = Automatic;
				DEVELOPMENT_TEAM = Q7Q64FDMLV;
				INFOPLIST_FILE = Shell/Info.plist;
				LD_RUNPATH_SEARCH_PATHS = (
					"$(inherited)",
					"@executable_path/Frameworks",
				);
				PRODUCT_BUNDLE_IDENTIFIER = com.mauroolivo.Shell;
				PRODUCT_NAME = "$(TARGET_NAME)";
				SWIFT_VERSION = 5.0;
				TARGETED_DEVICE_FAMILY = "1,2";
			};
			name = Release;
		};
		34DFB570259BA27C002F9925 /* Debug */ = {
			isa = XCBuildConfiguration;
			buildSettings = {
				ALWAYS_EMBED_SWIFT_STANDARD_LIBRARIES = YES;
				BUNDLE_LOADER = "$(TEST_HOST)";
				CODE_SIGN_STYLE = Automatic;
				DEVELOPMENT_TEAM = Q7Q64FDMLV;
				INFOPLIST_FILE = ShellTests/Info.plist;
				IPHONEOS_DEPLOYMENT_TARGET = 14.3;
				LD_RUNPATH_SEARCH_PATHS = (
					"$(inherited)",
					"@executable_path/Frameworks",
					"@loader_path/Frameworks",
				);
				PRODUCT_BUNDLE_IDENTIFIER = com.mauroolivo.ShellTests;
				PRODUCT_NAME = "$(TARGET_NAME)";
				SWIFT_VERSION = 5.0;
				TARGETED_DEVICE_FAMILY = "1,2";
				TEST_HOST = "$(BUILT_PRODUCTS_DIR)/Shell.app/Shell";
			};
			name = Debug;
		};
		34DFB571259BA27C002F9925 /* Release */ = {
			isa = XCBuildConfiguration;
			buildSettings = {
				ALWAYS_EMBED_SWIFT_STANDARD_LIBRARIES = YES;
				BUNDLE_LOADER = "$(TEST_HOST)";
				CODE_SIGN_STYLE = Automatic;
				DEVELOPMENT_TEAM = Q7Q64FDMLV;
				INFOPLIST_FILE = ShellTests/Info.plist;
				IPHONEOS_DEPLOYMENT_TARGET = 14.3;
				LD_RUNPATH_SEARCH_PATHS = (
					"$(inherited)",
					"@executable_path/Frameworks",
					"@loader_path/Frameworks",
				);
				PRODUCT_BUNDLE_IDENTIFIER = com.mauroolivo.ShellTests;
				PRODUCT_NAME = "$(TARGET_NAME)";
				SWIFT_VERSION = 5.0;
				TARGETED_DEVICE_FAMILY = "1,2";
				TEST_HOST = "$(BUILT_PRODUCTS_DIR)/Shell.app/Shell";
			};
			name = Release;
		};
		34DFB573259BA27C002F9925 /* Debug */ = {
			isa = XCBuildConfiguration;
			buildSettings = {
				ALWAYS_EMBED_SWIFT_STANDARD_LIBRARIES = YES;
				CODE_SIGN_STYLE = Automatic;
				DEVELOPMENT_TEAM = Q7Q64FDMLV;
				INFOPLIST_FILE = ShellUITests/Info.plist;
				LD_RUNPATH_SEARCH_PATHS = (
					"$(inherited)",
					"@executable_path/Frameworks",
					"@loader_path/Frameworks",
				);
				PRODUCT_BUNDLE_IDENTIFIER = com.mauroolivo.ShellUITests;
				PRODUCT_NAME = "$(TARGET_NAME)";
				SWIFT_VERSION = 5.0;
				TARGETED_DEVICE_FAMILY = "1,2";
				TEST_TARGET_NAME = Shell;
			};
			name = Debug;
		};
		34DFB574259BA27C002F9925 /* Release */ = {
			isa = XCBuildConfiguration;
			buildSettings = {
				ALWAYS_EMBED_SWIFT_STANDARD_LIBRARIES = YES;
				CODE_SIGN_STYLE = Automatic;
				DEVELOPMENT_TEAM = Q7Q64FDMLV;
				INFOPLIST_FILE = ShellUITests/Info.plist;
				LD_RUNPATH_SEARCH_PATHS = (
					"$(inherited)",
					"@executable_path/Frameworks",
					"@loader_path/Frameworks",
				);
				PRODUCT_BUNDLE_IDENTIFIER = com.mauroolivo.ShellUITests;
				PRODUCT_NAME = "$(TARGET_NAME)";
				SWIFT_VERSION = 5.0;
				TARGETED_DEVICE_FAMILY = "1,2";
				TEST_TARGET_NAME = Shell;
			};
			name = Release;
		};
/* End XCBuildConfiguration section */

/* Begin XCConfigurationList section */
		34DFB53D259BA278002F9925 /* Build configuration list for PBXProject "Shell" */ = {
			isa = XCConfigurationList;
			buildConfigurations = (
				34DFB56A259BA27C002F9925 /* Debug */,
				34DFB56B259BA27C002F9925 /* Release */,
			);
			defaultConfigurationIsVisible = 0;
			defaultConfigurationName = Release;
		};
		34DFB56C259BA27C002F9925 /* Build configuration list for PBXNativeTarget "Shell" */ = {
			isa = XCConfigurationList;
			buildConfigurations = (
				34DFB56D259BA27C002F9925 /* Debug */,
				34DFB56E259BA27C002F9925 /* Release */,
			);
			defaultConfigurationIsVisible = 0;
			defaultConfigurationName = Release;
		};
		34DFB56F259BA27C002F9925 /* Build configuration list for PBXNativeTarget "ShellTests" */ = {
			isa = XCConfigurationList;
			buildConfigurations = (
				34DFB570259BA27C002F9925 /* Debug */,
				34DFB571259BA27C002F9925 /* Release */,
			);
			defaultConfigurationIsVisible = 0;
			defaultConfigurationName = Release;
		};
		34DFB572259BA27C002F9925 /* Build configuration list for PBXNativeTarget "ShellUITests" */ = {
			isa = XCConfigurationList;
			buildConfigurations = (
				34DFB573259BA27C002F9925 /* Debug */,
				34DFB574259BA27C002F9925 /* Release */,
			);
			defaultConfigurationIsVisible = 0;
			defaultConfigurationName = Release;
		};
/* End XCConfigurationList section */
	};
	rootObject = 34DFB53A259BA278002F9925 /* Project object */;
}
